
Microsoft Visual Studio Solution File, Format Version 12.00
# Visual Studio 15
VisualStudioVersion = 15.0.28307.705
MinimumVisualStudioVersion = 10.0.40219.1
Project("{FAE04EC0-301F-11D3-BF4B-00C04F79EFBC}") = "ConsoleApp3", "ConsoleApp3\ConsoleApp3.csproj", "{0641AE83-A84E-4A3E-8DCA-8A9028DE3F61}"
EndProject
Global
	GlobalSection(SolutionConfigurationPlatforms) = preSolution
		Debug|Any CPU = Debug|Any CPU
		Release|Any CPU = Release|Any CPU
	EndGlobalSection
	GlobalSection(ProjectConfigurationPlatforms) = postSolution
		{0641AE83-A84E-4A3E-8DCA-8A9028DE3F61}.Debug|Any CPU.ActiveCfg = Debug|Any CPU
		{0641AE83-A84E-4A3E-8DCA-8A9028DE3F61}.Debug|Any CPU.Build.0 = Debug|Any CPU
		{0641AE83-A84E-4A3E-8DCA-8A9028DE3F61}.Release|Any CPU.ActiveCfg = Release|Any CPU
		{0641AE83-A84E-4A3E-8DCA-8A9028DE3F61}.Release|Any CPU.Build.0 = Release|Any CPU
	EndGlobalSection
	GlobalSection(SolutionProperties) = preSolution
		HideSolutionNode = FALSE
	EndGlobalSection
	GlobalSection(ExtensibilityGlobals) = postSolution
		SolutionGuid = {AF454B05-2E67-4225-86F1-CFA75B38EF3F}
	EndGlobalSection
EndGlobal
